
Microsoft Visual Studio Solution File, Format Version 12.00
# Visual Studio Version 16
VisualStudioVersion = 16.0.30717.126
MinimumVisualStudioVersion = 10.0.40219.1
Project("{8BC9CEB8-8B4A-11D0-8D11-00A0C91BC942}") = "AaDS_lab4", "AaDS_lab4\AaDS_lab4.vcxproj", "{008C16FB-AC4B-45BB-AE17-A755CB6F5F28}"
EndProject
Global
	GlobalSection(SolutionConfigurationPlatforms) = preSolution
		Debug|x64 = Debug|x64
		Debug|x86 = Debug|x86
		Release|x64 = Release|x64
		Release|x86 = Release|x86
	EndGlobalSection
	GlobalSection(ProjectConfigurationPlatforms) = postSolution
		{008C16FB-AC4B-45BB-AE17-A755CB6F5F28}.Debug|x64.ActiveCfg = Debug|x64
		{008C16FB-AC4B-45BB-AE17-A755CB6F5F28}.Debug|x64.Build.0 = Debug|x64
		{008C16FB-AC4B-45BB-AE17-A755CB6F5F28}.Debug|x86.ActiveCfg = Debug|Win32
		{008C16FB-AC4B-45BB-AE17-A755CB6F5F28}.Debug|x86.Build.0 = Debug|Win32
		{008C16FB-AC4B-45BB-AE17-A755CB6F5F28}.Release|x64.ActiveCfg = Release|x64
		{008C16FB-AC4B-45BB-AE17-A755CB6F5F28}.Release|x64.Build.0 = Release|x64
		{008C16FB-AC4B-45BB-AE17-A755CB6F5F28}.Release|x86.ActiveCfg = Release|Win32
		{008C16FB-AC4B-45BB-AE17-A755CB6F5F28}.Release|x86.Build.0 = Release|Win32
	EndGlobalSection
	GlobalSection(SolutionProperties) = preSolution
		HideSolutionNode = FALSE
	EndGlobalSection
	GlobalSection(ExtensibilityGlobals) = postSolution
		SolutionGuid = {D11369F3-C9E9-4AB5-BC3C-E0C44893157B}
	EndGlobalSection
EndGlobal
